
Microsoft Visual Studio Solution File, Format Version 12.00
# Visual Studio Version 17
VisualStudioVersion = 17.14.36414.22
MinimumVisualStudioVersion = 10.0.40219.1
Project("{FAE04EC0-301F-11D3-BF4B-00C04F79EFBC}") = "TransactionService.API", "TransactionService.API\TransactionService.API.csproj", "{F6FD1BD6-0BEB-4954-9B06-CE9DA1ABB5D8}"
EndProject
Project("{FAE04EC0-301F-11D3-BF4B-00C04F79EFBC}") = "TransactionService.Core", "TransactionService.Core\TransactionService.Core.csproj", "{C7E7BE5F-E1D0-4AB9-BFAE-2BC273130DDC}"
EndProject
Project("{FAE04EC0-301F-11D3-BF4B-00C04F79EFBC}") = "TransactionService.Infrastructure", "TransactionService.Infrastructure\TransactionService.Infrastructure.csproj", "{7A05D136-9A73-4F30-9E88-09870554085C}"
EndProject
Project("{FAE04EC0-301F-11D3-BF4B-00C04F79EFBC}") = "TransactionService.Contracts", "TransactionService.Contracts\TransactionService.Contracts.csproj", "{02CB4808-D287-1ACE-ECE1-FD6BDBFFA354}"
EndProject
Project("{FAE04EC0-301F-11D3-BF4B-00C04F79EFBC}") = "BuildingBlocks.Contracts", "..\BuildingBlocks\BuildingBlocks.Contracts\BuildingBlocks.Contracts.csproj", "{E48615D8-B5BE-44DF-845D-9A8D6DE2C1F6}"
EndProject
Project("{FAE04EC0-301F-11D3-BF4B-00C04F79EFBC}") = "TransactionService.UnitTests", "TransactionService.UnitTests\TransactionService.UnitTests.csproj", "{1DE3B641-E296-4B36-87C6-DD3F282C9240}"
EndProject
Global
	GlobalSection(SolutionConfigurationPlatforms) = preSolution
		Debug|Any CPU = Debug|Any CPU
		Debug|x64 = Debug|x64
		Debug|x86 = Debug|x86
		Release|Any CPU = Release|Any CPU
		Release|x64 = Release|x64
		Release|x86 = Release|x86
	EndGlobalSection
	GlobalSection(ProjectConfigurationPlatforms) = postSolution
		{F6FD1BD6-0BEB-4954-9B06-CE9DA1ABB5D8}.Debug|Any CPU.ActiveCfg = Debug|Any CPU
		{F6FD1BD6-0BEB-4954-9B06-CE9DA1ABB5D8}.Debug|Any CPU.Build.0 = Debug|Any CPU
		{F6FD1BD6-0BEB-4954-9B06-CE9DA1ABB5D8}.Debug|x64.ActiveCfg = Debug|Any CPU
		{F6FD1BD6-0BEB-4954-9B06-CE9DA1ABB5D8}.Debug|x64.Build.0 = Debug|Any CPU
		{F6FD1BD6-0BEB-4954-9B06-CE9DA1ABB5D8}.Debug|x86.ActiveCfg = Debug|Any CPU
		{F6FD1BD6-0BEB-4954-9B06-CE9DA1ABB5D8}.Debug|x86.Build.0 = Debug|Any CPU
		{F6FD1BD6-0BEB-4954-9B06-CE9DA1ABB5D8}.Release|Any CPU.ActiveCfg = Release|Any CPU
		{F6FD1BD6-0BEB-4954-9B06-CE9DA1ABB5D8}.Release|Any CPU.Build.0 = Release|Any CPU
		{F6FD1BD6-0BEB-4954-9B06-CE9DA1ABB5D8}.Release|x64.ActiveCfg = Release|Any CPU
		{F6FD1BD6-0BEB-4954-9B06-CE9DA1ABB5D8}.Release|x64.Build.0 = Release|Any CPU
		{F6FD1BD6-0BEB-4954-9B06-CE9DA1ABB5D8}.Release|x86.ActiveCfg = Release|Any CPU
		{F6FD1BD6-0BEB-4954-9B06-CE9DA1ABB5D8}.Release|x86.Build.0 = Release|Any CPU
		{C7E7BE5F-E1D0-4AB9-BFAE-2BC273130DDC}.Debug|Any CPU.ActiveCfg = Debug|Any CPU
		{C7E7BE5F-E1D0-4AB9-BFAE-2BC273130DDC}.Debug|Any CPU.Build.0 = Debug|Any CPU
		{C7E7BE5F-E1D0-4AB9-BFAE-2BC273130DDC}.Debug|x64.ActiveCfg = Debug|Any CPU
		{C7E7BE5F-E1D0-4AB9-BFAE-2BC273130DDC}.Debug|x64.Build.0 = Debug|Any CPU
		{C7E7BE5F-E1D0-4AB9-BFAE-2BC273130DDC}.Debug|x86.ActiveCfg = Debug|Any CPU
		{C7E7BE5F-E1D0-4AB9-BFAE-2BC273130DDC}.Debug|x86.Build.0 = Debug|Any CPU
		{C7E7BE5F-E1D0-4AB9-BFAE-2BC273130DDC}.Release|Any CPU.ActiveCfg = Release|Any CPU
		{C7E7BE5F-E1D0-4AB9-BFAE-2BC273130DDC}.Release|Any CPU.Build.0 = Release|Any CPU
		{C7E7BE5F-E1D0-4AB9-BFAE-2BC273130DDC}.Release|x64.ActiveCfg = Release|Any CPU
		{C7E7BE5F-E1D0-4AB9-BFAE-2BC273130DDC}.Release|x64.Build.0 = Release|Any CPU
		{C7E7BE5F-E1D0-4AB9-BFAE-2BC273130DDC}.Release|x86.ActiveCfg = Release|Any CPU
		{C7E7BE5F-E1D0-4AB9-BFAE-2BC273130DDC}.Release|x86.Build.0 = Release|Any CPU
		{7A05D136-9A73-4F30-9E88-09870554085C}.Debug|Any CPU.ActiveCfg = Debug|Any CPU
		{7A05D136-9A73-4F30-9E88-09870554085C}.Debug|Any CPU.Build.0 = Debug|Any CPU
		{7A05D136-9A73-4F30-9E88-09870554085C}.Debug|x64.ActiveCfg = Debug|Any CPU
		{7A05D136-9A73-4F30-9E88-09870554085C}.Debug|x64.Build.0 = Debug|Any CPU
		{7A05D136-9A73-4F30-9E88-09870554085C}.Debug|x86.ActiveCfg = Debug|Any CPU
		{7A05D136-9A73-4F30-9E88-09870554085C}.Debug|x86.Build.0 = Debug|Any CPU
		{7A05D136-9A73-4F30-9E88-09870554085C}.Release|Any CPU.ActiveCfg = Release|Any CPU
		{7A05D136-9A73-4F30-9E88-09870554085C}.Release|Any CPU.Build.0 = Release|Any CPU
		{7A05D136-9A73-4F30-9E88-09870554085C}.Release|x64.ActiveCfg = Release|Any CPU
		{7A05D136-9A73-4F30-9E88-09870554085C}.Release|x64.Build.0 = Release|Any CPU
		{7A05D136-9A73-4F30-9E88-09870554085C}.Release|x86.ActiveCfg = Release|Any CPU
		{7A05D136-9A73-4F30-9E88-09870554085C}.Release|x86.Build.0 = Release|Any CPU
		{02CB4808-D287-1ACE-ECE1-FD6BDBFFA354}.Debug|Any CPU.ActiveCfg = Debug|Any CPU
		{02CB4808-D287-1ACE-ECE1-FD6BDBFFA354}.Debug|Any CPU.Build.0 = Debug|Any CPU
		{02CB4808-D287-1ACE-ECE1-FD6BDBFFA354}.Debug|x64.ActiveCfg = Debug|Any CPU
		{02CB4808-D287-1ACE-ECE1-FD6BDBFFA354}.Debug|x64.Build.0 = Debug|Any CPU
		{02CB4808-D287-1ACE-ECE1-FD6BDBFFA354}.Debug|x86.ActiveCfg = Debug|Any CPU
		{02CB4808-D287-1ACE-ECE1-FD6BDBFFA354}.Debug|x86.Build.0 = Debug|Any CPU
		{02CB4808-D287-1ACE-ECE1-FD6BDBFFA354}.Release|Any CPU.ActiveCfg = Release|Any CPU
		{02CB4808-D287-1ACE-ECE1-FD6BDBFFA354}.Release|Any CPU.Build.0 = Release|Any CPU
		{02CB4808-D287-1ACE-ECE1-FD6BDBFFA354}.Release|x64.ActiveCfg = Release|Any CPU
		{02CB4808-D287-1ACE-ECE1-FD6BDBFFA354}.Release|x64.Build.0 = Release|Any CPU
		{02CB4808-D287-1ACE-ECE1-FD6BDBFFA354}.Release|x86.ActiveCfg = Release|Any CPU
		{02CB4808-D287-1ACE-ECE1-FD6BDBFFA354}.Release|x86.Build.0 = Release|Any CPU
		{E48615D8-B5BE-44DF-845D-9A8D6DE2C1F6}.Debug|Any CPU.ActiveCfg = Debug|Any CPU
		{E48615D8-B5BE-44DF-845D-9A8D6DE2C1F6}.Debug|Any CPU.Build.0 = Debug|Any CPU
		{E48615D8-B5BE-44DF-845D-9A8D6DE2C1F6}.Debug|x64.ActiveCfg = Debug|Any CPU
		{E48615D8-B5BE-44DF-845D-9A8D6DE2C1F6}.Debug|x64.Build.0 = Debug|Any CPU
		{E48615D8-B5BE-44DF-845D-9A8D6DE2C1F6}.Debug|x86.ActiveCfg = Debug|Any CPU
		{E48615D8-B5BE-44DF-845D-9A8D6DE2C1F6}.Debug|x86.Build.0 = Debug|Any CPU
		{E48615D8-B5BE-44DF-845D-9A8D6DE2C1F6}.Release|Any CPU.ActiveCfg = Release|Any CPU
		{E48615D8-B5BE-44DF-845D-9A8D6DE2C1F6}.Release|Any CPU.Build.0 = Release|Any CPU
		{E48615D8-B5BE-44DF-845D-9A8D6DE2C1F6}.Release|x64.ActiveCfg = Release|Any CPU
		{E48615D8-B5BE-44DF-845D-9A8D6DE2C1F6}.Release|x64.Build.0 = Release|Any CPU
		{E48615D8-B5BE-44DF-845D-9A8D6DE2C1F6}.Release|x86.ActiveCfg = Release|Any CPU
		{E48615D8-B5BE-44DF-845D-9A8D6DE2C1F6}.Release|x86.Build.0 = Release|Any CPU
		{1DE3B641-E296-4B36-87C6-DD3F282C9240}.Debug|Any CPU.ActiveCfg = Debug|Any CPU
		{1DE3B641-E296-4B36-87C6-DD3F282C9240}.Debug|Any CPU.Build.0 = Debug|Any CPU
		{1DE3B641-E296-4B36-87C6-DD3F282C9240}.Debug|x64.ActiveCfg = Debug|Any CPU
		{1DE3B641-E296-4B36-87C6-DD3F282C9240}.Debug|x64.Build.0 = Debug|Any CPU
		{1DE3B641-E296-4B36-87C6-DD3F282C9240}.Debug|x86.ActiveCfg = Debug|Any CPU
		{1DE3B641-E296-4B36-87C6-DD3F282C9240}.Debug|x86.Build.0 = Debug|Any CPU
		{1DE3B641-E296-4B36-87C6-DD3F282C9240}.Release|Any CPU.ActiveCfg = Release|Any CPU
		{1DE3B641-E296-4B36-87C6-DD3F282C9240}.Release|Any CPU.Build.0 = Release|Any CPU
		{1DE3B641-E296-4B36-87C6-DD3F282C9240}.Release|x64.ActiveCfg = Release|Any CPU
		{1DE3B641-E296-4B36-87C6-DD3F282C9240}.Release|x64.Build.0 = Release|Any CPU
		{1DE3B641-E296-4B36-87C6-DD3F282C9240}.Release|x86.ActiveCfg = Release|Any CPU
		{1DE3B641-E296-4B36-87C6-DD3F282C9240}.Release|x86.Build.0 = Release|Any CPU
	EndGlobalSection
	GlobalSection(SolutionProperties) = preSolution
		HideSolutionNode = FALSE
	EndGlobalSection
	GlobalSection(ExtensibilityGlobals) = postSolution
		SolutionGuid = {9E45E36E-4529-46E6-A953-A1E595D4BD4E}
	EndGlobalSection
EndGlobal
