
Microsoft Visual Studio Solution File, Format Version 12.00
# Visual Studio Version 17
VisualStudioVersion = 17.14.36414.22
MinimumVisualStudioVersion = 10.0.40219.1
Project("{FAE04EC0-301F-11D3-BF4B-00C04F79EFBC}") = "UserSerivce.API", "UserSerivce.API\UserSerivce.API.csproj", "{01308BE2-681E-41DD-8906-A94677BE4345}"
EndProject
Project("{FAE04EC0-301F-11D3-BF4B-00C04F79EFBC}") = "UserService.Core", "UserService.Core\UserService.Core.csproj", "{DFEB65B6-7587-4DD5-8D58-899B1D494E1B}"
EndProject
Project("{FAE04EC0-301F-11D3-BF4B-00C04F79EFBC}") = "UserService.Infrastructure", "UserService.Infrastructure\UserService.Infrastructure.csproj", "{637927E1-2C0F-4FF4-88B6-288E0C40A057}"
EndProject
Project("{FAE04EC0-301F-11D3-BF4B-00C04F79EFBC}") = "UserService.Contracts", "UserService.Contracts\UserService.Contracts.csproj", "{7A206CB2-8C61-4502-B8F4-62DE6F0756CC}"
EndProject
Project("{FAE04EC0-301F-11D3-BF4B-00C04F79EFBC}") = "UserService.Tests", "UserService.Tests\UserService.Tests.csproj", "{F34DD82F-D094-4B57-B1A0-97112EEEC473}"
EndProject
Global
	GlobalSection(SolutionConfigurationPlatforms) = preSolution
		Debug|Any CPU = Debug|Any CPU
		Release|Any CPU = Release|Any CPU
	EndGlobalSection
	GlobalSection(ProjectConfigurationPlatforms) = postSolution
		{01308BE2-681E-41DD-8906-A94677BE4345}.Debug|Any CPU.ActiveCfg = Debug|Any CPU
		{01308BE2-681E-41DD-8906-A94677BE4345}.Debug|Any CPU.Build.0 = Debug|Any CPU
		{01308BE2-681E-41DD-8906-A94677BE4345}.Release|Any CPU.ActiveCfg = Release|Any CPU
		{01308BE2-681E-41DD-8906-A94677BE4345}.Release|Any CPU.Build.0 = Release|Any CPU
		{DFEB65B6-7587-4DD5-8D58-899B1D494E1B}.Debug|Any CPU.ActiveCfg = Debug|Any CPU
		{DFEB65B6-7587-4DD5-8D58-899B1D494E1B}.Debug|Any CPU.Build.0 = Debug|Any CPU
		{DFEB65B6-7587-4DD5-8D58-899B1D494E1B}.Release|Any CPU.ActiveCfg = Release|Any CPU
		{DFEB65B6-7587-4DD5-8D58-899B1D494E1B}.Release|Any CPU.Build.0 = Release|Any CPU
		{637927E1-2C0F-4FF4-88B6-288E0C40A057}.Debug|Any CPU.ActiveCfg = Debug|Any CPU
		{637927E1-2C0F-4FF4-88B6-288E0C40A057}.Debug|Any CPU.Build.0 = Debug|Any CPU
		{637927E1-2C0F-4FF4-88B6-288E0C40A057}.Release|Any CPU.ActiveCfg = Release|Any CPU
		{637927E1-2C0F-4FF4-88B6-288E0C40A057}.Release|Any CPU.Build.0 = Release|Any CPU
		{7A206CB2-8C61-4502-B8F4-62DE6F0756CC}.Debug|Any CPU.ActiveCfg = Debug|Any CPU
		{7A206CB2-8C61-4502-B8F4-62DE6F0756CC}.Debug|Any CPU.Build.0 = Debug|Any CPU
		{7A206CB2-8C61-4502-B8F4-62DE6F0756CC}.Release|Any CPU.ActiveCfg = Release|Any CPU
		{7A206CB2-8C61-4502-B8F4-62DE6F0756CC}.Release|Any CPU.Build.0 = Release|Any CPU
		{F34DD82F-D094-4B57-B1A0-97112EEEC473}.Debug|Any CPU.ActiveCfg = Debug|Any CPU
		{F34DD82F-D094-4B57-B1A0-97112EEEC473}.Debug|Any CPU.Build.0 = Debug|Any CPU
		{F34DD82F-D094-4B57-B1A0-97112EEEC473}.Release|Any CPU.ActiveCfg = Release|Any CPU
		{F34DD82F-D094-4B57-B1A0-97112EEEC473}.Release|Any CPU.Build.0 = Release|Any CPU
	EndGlobalSection
	GlobalSection(SolutionProperties) = preSolution
		HideSolutionNode = FALSE
	EndGlobalSection
	GlobalSection(ExtensibilityGlobals) = postSolution
		SolutionGuid = {1D51F243-295E-4FAB-99FE-1AF9B390F72E}
	EndGlobalSection
EndGlobal
